
Microsoft Visual Studio Solution File, Format Version 11.00
# Visual Studio 2010
Project("{FAE04EC0-301F-11D3-BF4B-00C04F79EFBC}") = "Yokoarikun2D", "Assembly-CSharp.csproj", "{DEFF4748-DE38-2D2D-C14E-8678FA3DB755}"
EndProject
Global
	GlobalSection(SolutionConfigurationPlatforms) = preSolution
		Debug|Any CPU = Debug|Any CPU
		Release|Any CPU = Release|Any CPU
	EndGlobalSection
	GlobalSection(ProjectConfigurationPlatforms) = postSolution
		{DEFF4748-DE38-2D2D-C14E-8678FA3DB755}.Debug|Any CPU.ActiveCfg = Debug|Any CPU
		{DEFF4748-DE38-2D2D-C14E-8678FA3DB755}.Debug|Any CPU.Build.0 = Debug|Any CPU
		{DEFF4748-DE38-2D2D-C14E-8678FA3DB755}.Release|Any CPU.ActiveCfg = Release|Any CPU
		{DEFF4748-DE38-2D2D-C14E-8678FA3DB755}.Release|Any CPU.Build.0 = Release|Any CPU
	EndGlobalSection
	GlobalSection(SolutionProperties) = preSolution
		HideSolutionNode = FALSE
	EndGlobalSection
	GlobalSection(MonoDevelopProperties) = preSolution
		StartupItem = Assembly-CSharp.csproj
	EndGlobalSection
EndGlobal
